
Microsoft Visual Studio Solution File, Format Version 12.00
# Visual Studio Version 16
VisualStudioVersion = 16.0.30011.22
MinimumVisualStudioVersion = 10.0.40219.1
Project("{9A19103F-16F7-4668-BE54-9A1E7A4F7556}") = "Honey.Core", "Honey.Core\Honey.Core.csproj", "{0EEF3FC2-230D-4111-99B5-81417E0B1FDE}"
EndProject
Project("{FAE04EC0-301F-11D3-BF4B-00C04F79EFBC}") = "Honey.Test", "Honey.Test\Honey.Test.csproj", "{2D2F0AB8-D86E-40BD-9BF2-95377A00B799}"
EndProject
Global
	GlobalSection(SolutionConfigurationPlatforms) = preSolution
		Debug|Any CPU = Debug|Any CPU
		Release|Any CPU = Release|Any CPU
	EndGlobalSection
	GlobalSection(ProjectConfigurationPlatforms) = postSolution
		{0EEF3FC2-230D-4111-99B5-81417E0B1FDE}.Debug|Any CPU.ActiveCfg = Debug|Any CPU
		{0EEF3FC2-230D-4111-99B5-81417E0B1FDE}.Debug|Any CPU.Build.0 = Debug|Any CPU
		{0EEF3FC2-230D-4111-99B5-81417E0B1FDE}.Release|Any CPU.ActiveCfg = Release|Any CPU
		{0EEF3FC2-230D-4111-99B5-81417E0B1FDE}.Release|Any CPU.Build.0 = Release|Any CPU
		{2D2F0AB8-D86E-40BD-9BF2-95377A00B799}.Debug|Any CPU.ActiveCfg = Debug|Any CPU
		{2D2F0AB8-D86E-40BD-9BF2-95377A00B799}.Debug|Any CPU.Build.0 = Debug|Any CPU
		{2D2F0AB8-D86E-40BD-9BF2-95377A00B799}.Release|Any CPU.ActiveCfg = Release|Any CPU
		{2D2F0AB8-D86E-40BD-9BF2-95377A00B799}.Release|Any CPU.Build.0 = Release|Any CPU
	EndGlobalSection
	GlobalSection(SolutionProperties) = preSolution
		HideSolutionNode = FALSE
	EndGlobalSection
	GlobalSection(ExtensibilityGlobals) = postSolution
		SolutionGuid = {C5A45737-4755-4BAD-922F-C503ECD21B3D}
	EndGlobalSection
EndGlobal
